// !$*UTF8*$!
{
	archiveVersion = 1;
	classes = {
	};
	objectVersion = 50;
	objects = {

/* Begin PBXBuildFile section */
		3D7BA30A2497FDD700264AFE /* Assets.xcassets in Resources */ = {isa = PBXBuildFile; fileRef = 3D7BA3092497FDD700264AFE /* Assets.xcassets */; };
		3D7BA30D2497FDD700264AFE /* Main.storyboard in Resources */ = {isa = PBXBuildFile; fileRef = 3D7BA30B2497FDD700264AFE /* Main.storyboard */; };
		3D7BA3102497FDD700264AFE /* main.m in Sources */ = {isa = PBXBuildFile; fileRef = 3D7BA30F2497FDD700264AFE /* main.m */; };
		3D7BA31B2497FDD700264AFE /* LifeTests.m in Sources */ = {isa = PBXBuildFile; fileRef = 3D7BA31A2497FDD700264AFE /* LifeTests.m */; };
		3D7BA3262497FDD700264AFE /* LifeUITests.m in Sources */ = {isa = PBXBuildFile; fileRef = 3D7BA3252497FDD700264AFE /* LifeUITests.m */; };
		3D7BA3622497FF0500264AFE /* GridVisitors.m in Sources */ = {isa = PBXBuildFile; fileRef = 3D7BA3552497FF0500264AFE /* GridVisitors.m */; };
		3D7BA3632497FF0500264AFE /* LifeController.m in Sources */ = {isa = PBXBuildFile; fileRef = 3D7BA3572497FF0500264AFE /* LifeController.m */; };
		3D7BA3652497FF0500264AFE /* GridView.m in Sources */ = {isa = PBXBuildFile; fileRef = 3D7BA35A2497FF0500264AFE /* GridView.m */; };
		3D7BA3662497FF0500264AFE /* Cell.m in Sources */ = {isa = PBXBuildFile; fileRef = 3D7BA35D2497FF0500264AFE /* Cell.m */; };
		3D7BA3672497FF0500264AFE /* Grid.m in Sources */ = {isa = PBXBuildFile; fileRef = 3D7BA35E2497FF0500264AFE /* Grid.m */; };
		3DA3127124D178BD00134C42 /* NSNumber+Times.swift in Sources */ = {isa = PBXBuildFile; fileRef = 3DA3127024D178BD00134C42 /* NSNumber+Times.swift */; };
		3DA3127324D1815B00134C42 /* ViewController.swift in Sources */ = {isa = PBXBuildFile; fileRef = 3DA3127224D1815B00134C42 /* ViewController.swift */; };
		3DA3127524D1825100134C42 /* LifeAppDelegate.swift in Sources */ = {isa = PBXBuildFile; fileRef = 3DA3127424D1825100134C42 /* LifeAppDelegate.swift */; };
		3DC5BA26249C017E00F3B86A /* GridVisitor.swift in Sources */ = {isa = PBXBuildFile; fileRef = 3DC5BA25249C017E00F3B86A /* GridVisitor.swift */; };
/* End PBXBuildFile section */

/* Begin PBXContainerItemProxy section */
		3D7BA3172497FDD700264AFE /* PBXContainerItemProxy */ = {
			isa = PBXContainerItemProxy;
			containerPortal = 3D7BA2F82497FDD600264AFE /* Project object */;
			proxyType = 1;
			remoteGlobalIDString = 3D7BA2FF2497FDD600264AFE;
			remoteInfo = Life;
		};
		3D7BA3222497FDD700264AFE /* PBXContainerItemProxy */ = {
			isa = PBXContainerItemProxy;
			containerPortal = 3D7BA2F82497FDD600264AFE /* Project object */;
			proxyType = 1;
			remoteGlobalIDString = 3D7BA2FF2497FDD600264AFE;
			remoteInfo = Life;
		};
/* End PBXContainerItemProxy section */

/* Begin PBXFileReference section */
		3D7BA3002497FDD600264AFE /* Life.app */ = {isa = PBXFileReference; explicitFileType = wrapper.application; includeInIndex = 0; path = Life.app; sourceTree = BUILT_PRODUCTS_DIR; };
		3D7BA3092497FDD700264AFE /* Assets.xcassets */ = {isa = PBXFileReference; lastKnownFileType = folder.assetcatalog; path = Assets.xcassets; sourceTree = "<group>"; };
		3D7BA30C2497FDD700264AFE /* Base */ = {isa = PBXFileReference; lastKnownFileType = file.storyboard; name = Base; path = Base.lproj/Main.storyboard; sourceTree = "<group>"; };
		3D7BA30E2497FDD700264AFE /* Info.plist */ = {isa = PBXFileReference; lastKnownFileType = text.plist.xml; path = Info.plist; sourceTree = "<group>"; };
		3D7BA30F2497FDD700264AFE /* main.m */ = {isa = PBXFileReference; lastKnownFileType = sourcecode.c.objc; path = main.m; sourceTree = "<group>"; };
		3D7BA3112497FDD700264AFE /* Life.entitlements */ = {isa = PBXFileReference; lastKnownFileType = text.plist.entitlements; path = Life.entitlements; sourceTree = "<group>"; };
		3D7BA3162497FDD700264AFE /* LifeTests.xctest */ = {isa = PBXFileReference; explicitFileType = wrapper.cfbundle; includeInIndex = 0; path = LifeTests.xctest; sourceTree = BUILT_PRODUCTS_DIR; };
		3D7BA31A2497FDD700264AFE /* LifeTests.m */ = {isa = PBXFileReference; lastKnownFileType = sourcecode.c.objc; path = LifeTests.m; sourceTree = "<group>"; };
		3D7BA31C2497FDD700264AFE /* Info.plist */ = {isa = PBXFileReference; lastKnownFileType = text.plist.xml; path = Info.plist; sourceTree = "<group>"; };
		3D7BA3212497FDD700264AFE /* LifeUITests.xctest */ = {isa = PBXFileReference; explicitFileType = wrapper.cfbundle; includeInIndex = 0; path = LifeUITests.xctest; sourceTree = BUILT_PRODUCTS_DIR; };
		3D7BA3252497FDD700264AFE /* LifeUITests.m */ = {isa = PBXFileReference; lastKnownFileType = sourcecode.c.objc; path = LifeUITests.m; sourceTree = "<group>"; };
		3D7BA3272497FDD700264AFE /* Info.plist */ = {isa = PBXFileReference; lastKnownFileType = text.plist.xml; path = Info.plist; sourceTree = "<group>"; };
		3D7BA3512497FF0500264AFE /* LifeController.h */ = {isa = PBXFileReference; fileEncoding = 4; lastKnownFileType = sourcecode.c.h; name = LifeController.h; path = Life/Group/LifeController.h; sourceTree = SOURCE_ROOT; };
		3D7BA3532497FF0500264AFE /* Grid.h */ = {isa = PBXFileReference; fileEncoding = 4; lastKnownFileType = sourcecode.c.h; name = Grid.h; path = Life/Group/Grid.h; sourceTree = SOURCE_ROOT; };
		3D7BA3552497FF0500264AFE /* GridVisitors.m */ = {isa = PBXFileReference; fileEncoding = 4; lastKnownFileType = sourcecode.c.objc; name = GridVisitors.m; path = Life/Group/GridVisitors.m; sourceTree = SOURCE_ROOT; };
		3D7BA3562497FF0500264AFE /* Cell.h */ = {isa = PBXFileReference; fileEncoding = 4; lastKnownFileType = sourcecode.c.h; name = Cell.h; path = Life/Group/Cell.h; sourceTree = SOURCE_ROOT; };
		3D7BA3572497FF0500264AFE /* LifeController.m */ = {isa = PBXFileReference; fileEncoding = 4; lastKnownFileType = sourcecode.c.objc; name = LifeController.m; path = Life/Group/LifeController.m; sourceTree = SOURCE_ROOT; };
		3D7BA35A2497FF0500264AFE /* GridView.m */ = {isa = PBXFileReference; fileEncoding = 4; lastKnownFileType = sourcecode.c.objc; name = GridView.m; path = Life/Group/GridView.m; sourceTree = SOURCE_ROOT; };
		3D7BA35B2497FF0500264AFE /* GridView.h */ = {isa = PBXFileReference; fileEncoding = 4; lastKnownFileType = sourcecode.c.h; name = GridView.h; path = Life/Group/GridView.h; sourceTree = SOURCE_ROOT; };
		3D7BA35C2497FF0500264AFE /* GridVisitors.h */ = {isa = PBXFileReference; fileEncoding = 4; lastKnownFileType = sourcecode.c.h; name = GridVisitors.h; path = Life/Group/GridVisitors.h; sourceTree = SOURCE_ROOT; };
		3D7BA35D2497FF0500264AFE /* Cell.m */ = {isa = PBXFileReference; fileEncoding = 4; lastKnownFileType = sourcecode.c.objc; name = Cell.m; path = Life/Group/Cell.m; sourceTree = SOURCE_ROOT; };
		3D7BA35E2497FF0500264AFE /* Grid.m */ = {isa = PBXFileReference; fileEncoding = 4; lastKnownFileType = sourcecode.c.objc; name = Grid.m; path = Life/Group/Grid.m; sourceTree = SOURCE_ROOT; };
		3DA3127024D178BD00134C42 /* NSNumber+Times.swift */ = {isa = PBXFileReference; lastKnownFileType = sourcecode.swift; path = "NSNumber+Times.swift"; sourceTree = "<group>"; };
		3DA3127224D1815B00134C42 /* ViewController.swift */ = {isa = PBXFileReference; lastKnownFileType = sourcecode.swift; path = ViewController.swift; sourceTree = "<group>"; };
		3DA3127424D1825100134C42 /* LifeAppDelegate.swift */ = {isa = PBXFileReference; lastKnownFileType = sourcecode.swift; path = LifeAppDelegate.swift; sourceTree = "<group>"; };
		3DC5BA24249C017E00F3B86A /* Life-Bridging-Header.h */ = {isa = PBXFileReference; lastKnownFileType = sourcecode.c.h; path = "Life-Bridging-Header.h"; sourceTree = "<group>"; };
		3DC5BA25249C017E00F3B86A /* GridVisitor.swift */ = {isa = PBXFileReference; lastKnownFileType = sourcecode.swift; path = GridVisitor.swift; sourceTree = "<group>"; };
/* End PBXFileReference section */

/* Begin PBXFrameworksBuildPhase section */
		3D7BA2FD2497FDD600264AFE /* Frameworks */ = {
			isa = PBXFrameworksBuildPhase;
			buildActionMask = 2147483647;
			files = (
			);
			runOnlyForDeploymentPostprocessing = 0;
		};
		3D7BA3132497FDD700264AFE /* Frameworks */ = {
			isa = PBXFrameworksBuildPhase;
			buildActionMask = 2147483647;
			files = (
			);
			runOnlyForDeploymentPostprocessing = 0;
		};
		3D7BA31E2497FDD700264AFE /* Frameworks */ = {
			isa = PBXFrameworksBuildPhase;
			buildActionMask = 2147483647;
			files = (
			);
			runOnlyForDeploymentPostprocessing = 0;
		};
/* End PBXFrameworksBuildPhase section */

/* Begin PBXGroup section */
		3D28365D249934510067C232 /* Group */ = {
			isa = PBXGroup;
			children = (
				3D7BA3562497FF0500264AFE /* Cell.h */,
				3D7BA35D2497FF0500264AFE /* Cell.m */,
				3D7BA3532497FF0500264AFE /* Grid.h */,
				3D7BA35E2497FF0500264AFE /* Grid.m */,
				3D7BA35B2497FF0500264AFE /* GridView.h */,
				3D7BA35A2497FF0500264AFE /* GridView.m */,
				3D7BA35C2497FF0500264AFE /* GridVisitors.h */,
				3D7BA3552497FF0500264AFE /* GridVisitors.m */,
				3D7BA3512497FF0500264AFE /* LifeController.h */,
				3D7BA3572497FF0500264AFE /* LifeController.m */,
			);
			path = Group;
			sourceTree = "<group>";
		};
		3D7BA2F72497FDD600264AFE = {
			isa = PBXGroup;
			children = (
				3D7BA3022497FDD600264AFE /* Life */,
				3D7BA3192497FDD700264AFE /* LifeTests */,
				3D7BA3242497FDD700264AFE /* LifeUITests */,
				3D7BA3012497FDD600264AFE /* Products */,
			);
			sourceTree = "<group>";
		};
		3D7BA3012497FDD600264AFE /* Products */ = {
			isa = PBXGroup;
			children = (
				3D7BA3002497FDD600264AFE /* Life.app */,
				3D7BA3162497FDD700264AFE /* LifeTests.xctest */,
				3D7BA3212497FDD700264AFE /* LifeUITests.xctest */,
			);
			name = Products;
			sourceTree = "<group>";
		};
		3D7BA3022497FDD600264AFE /* Life */ = {
			isa = PBXGroup;
			children = (
				3DE6C54624A3F0B90023843A /* Swift */,
				3D28365D249934510067C232 /* Group */,
				3D7BA3092497FDD700264AFE /* Assets.xcassets */,
				3D7BA30B2497FDD700264AFE /* Main.storyboard */,
				3D7BA30E2497FDD700264AFE /* Info.plist */,
				3D7BA30F2497FDD700264AFE /* main.m */,
				3D7BA3112497FDD700264AFE /* Life.entitlements */,
				3DC5BA24249C017E00F3B86A /* Life-Bridging-Header.h */,
			);
			path = Life;
			sourceTree = "<group>";
		};
		3D7BA3192497FDD700264AFE /* LifeTests */ = {
			isa = PBXGroup;
			children = (
				3D7BA31A2497FDD700264AFE /* LifeTests.m */,
				3D7BA31C2497FDD700264AFE /* Info.plist */,
			);
			path = LifeTests;
			sourceTree = "<group>";
		};
		3D7BA3242497FDD700264AFE /* LifeUITests */ = {
			isa = PBXGroup;
			children = (
				3D7BA3252497FDD700264AFE /* LifeUITests.m */,
				3D7BA3272497FDD700264AFE /* Info.plist */,
			);
			path = LifeUITests;
			sourceTree = "<group>";
		};
		3DE6C54624A3F0B90023843A /* Swift */ = {
			isa = PBXGroup;
			children = (
				3DC5BA25249C017E00F3B86A /* GridVisitor.swift */,
				3DA3127024D178BD00134C42 /* NSNumber+Times.swift */,
				3DA3127224D1815B00134C42 /* ViewController.swift */,
				3DA3127424D1825100134C42 /* LifeAppDelegate.swift */,
			);
			path = Swift;
			sourceTree = "<group>";
		};
/* End PBXGroup section */

/* Begin PBXNativeTarget section */
		3D7BA2FF2497FDD600264AFE /* Life */ = {
			isa = PBXNativeTarget;
			buildConfigurationList = 3D7BA32A2497FDD700264AFE /* Build configuration list for PBXNativeTarget "Life" */;
			buildPhases = (
				3D7BA2FC2497FDD600264AFE /* Sources */,
				3D7BA2FD2497FDD600264AFE /* Frameworks */,
				3D7BA2FE2497FDD600264AFE /* Resources */,
			);
			buildRules = (
			);
			dependencies = (
			);
			name = Life;
			productName = Life;
			productReference = 3D7BA3002497FDD600264AFE /* Life.app */;
			productType = "com.apple.product-type.application";
		};
		3D7BA3152497FDD700264AFE /* LifeTests */ = {
			isa = PBXNativeTarget;
			buildConfigurationList = 3D7BA32D2497FDD700264AFE /* Build configuration list for PBXNativeTarget "LifeTests" */;
			buildPhases = (
				3D7BA3122497FDD700264AFE /* Sources */,
				3D7BA3132497FDD700264AFE /* Frameworks */,
				3D7BA3142497FDD700264AFE /* Resources */,
			);
			buildRules = (
			);
			dependencies = (
				3D7BA3182497FDD700264AFE /* PBXTargetDependency */,
			);
			name = LifeTests;
			productName = LifeTests;
			productReference = 3D7BA3162497FDD700264AFE /* LifeTests.xctest */;
			productType = "com.apple.product-type.bundle.unit-test";
		};
		3D7BA3202497FDD700264AFE /* LifeUITests */ = {
			isa = PBXNativeTarget;
			buildConfigurationList = 3D7BA3302497FDD700264AFE /* Build configuration list for PBXNativeTarget "LifeUITests" */;
			buildPhases = (
				3D7BA31D2497FDD700264AFE /* Sources */,
				3D7BA31E2497FDD700264AFE /* Frameworks */,
				3D7BA31F2497FDD700264AFE /* Resources */,
			);
			buildRules = (
			);
			dependencies = (
				3D7BA3232497FDD700264AFE /* PBXTargetDependency */,
			);
			name = LifeUITests;
			productName = LifeUITests;
			productReference = 3D7BA3212497FDD700264AFE /* LifeUITests.xctest */;
			productType = "com.apple.product-type.bundle.ui-testing";
		};
/* End PBXNativeTarget section */

/* Begin PBXProject section */
		3D7BA2F82497FDD600264AFE /* Project object */ = {
			isa = PBXProject;
			attributes = {
				LastUpgradeCheck = 1200;
				ORGANIZATIONNAME = "Nityananda Zbil";
				TargetAttributes = {
					3D7BA2FF2497FDD600264AFE = {
						CreatedOnToolsVersion = 11.4;
						LastSwiftMigration = 1140;
					};
					3D7BA3152497FDD700264AFE = {
						CreatedOnToolsVersion = 11.4;
						TestTargetID = 3D7BA2FF2497FDD600264AFE;
					};
					3D7BA3202497FDD700264AFE = {
						CreatedOnToolsVersion = 11.4;
						TestTargetID = 3D7BA2FF2497FDD600264AFE;
					};
				};
			};
			buildConfigurationList = 3D7BA2FB2497FDD600264AFE /* Build configuration list for PBXProject "Life" */;
			compatibilityVersion = "Xcode 9.3";
			developmentRegion = en;
			hasScannedForEncodings = 0;
			knownRegions = (
				en,
				Base,
			);
			mainGroup = 3D7BA2F72497FDD600264AFE;
			productRefGroup = 3D7BA3012497FDD600264AFE /* Products */;
			projectDirPath = "";
			projectRoot = "";
			targets = (
				3D7BA2FF2497FDD600264AFE /* Life */,
				3D7BA3152497FDD700264AFE /* LifeTests */,
				3D7BA3202497FDD700264AFE /* LifeUITests */,
			);
		};
/* End PBXProject section */

/* Begin PBXResourcesBuildPhase section */
		3D7BA2FE2497FDD600264AFE /* Resources */ = {
			isa = PBXResourcesBuildPhase;
			buildActionMask = 2147483647;
			files = (
				3D7BA30A2497FDD700264AFE /* Assets.xcassets in Resources */,
				3D7BA30D2497FDD700264AFE /* Main.storyboard in Resources */,
			);
			runOnlyForDeploymentPostprocessing = 0;
		};
		3D7BA3142497FDD700264AFE /* Resources */ = {
			isa = PBXResourcesBuildPhase;
			buildActionMask = 2147483647;
			files = (
			);
			runOnlyForDeploymentPostprocessing = 0;
		};
		3D7BA31F2497FDD700264AFE /* Resources */ = {
			isa = PBXResourcesBuildPhase;
			buildActionMask = 2147483647;
			files = (
			);
			runOnlyForDeploymentPostprocessing = 0;
		};
/* End PBXResourcesBuildPhase section */

/* Begin PBXSourcesBuildPhase section */
		3D7BA2FC2497FDD600264AFE /* Sources */ = {
			isa = PBXSourcesBuildPhase;
			buildActionMask = 2147483647;
			files = (
				3D7BA3102497FDD700264AFE /* main.m in Sources */,
				3D7BA3672497FF0500264AFE /* Grid.m in Sources */,
				3DA3127324D1815B00134C42 /* ViewController.swift in Sources */,
				3DA3127124D178BD00134C42 /* NSNumber+Times.swift in Sources */,
				3D7BA3622497FF0500264AFE /* GridVisitors.m in Sources */,
				3DC5BA26249C017E00F3B86A /* GridVisitor.swift in Sources */,
				3D7BA3652497FF0500264AFE /* GridView.m in Sources */,
				3D7BA3632497FF0500264AFE /* LifeController.m in Sources */,
				3DA3127524D1825100134C42 /* LifeAppDelegate.swift in Sources */,
				3D7BA3662497FF0500264AFE /* Cell.m in Sources */,
			);
			runOnlyForDeploymentPostprocessing = 0;
		};
		3D7BA3122497FDD700264AFE /* Sources */ = {
			isa = PBXSourcesBuildPhase;
			buildActionMask = 2147483647;
			files = (
				3D7BA31B2497FDD700264AFE /* LifeTests.m in Sources */,
			);
			runOnlyForDeploymentPostprocessing = 0;
		};
		3D7BA31D2497FDD700264AFE /* Sources */ = {
			isa = PBXSourcesBuildPhase;
			buildActionMask = 2147483647;
			files = (
				3D7BA3262497FDD700264AFE /* LifeUITests.m in Sources */,
			);
			runOnlyForDeploymentPostprocessing = 0;
		};
/* End PBXSourcesBuildPhase section */

/* Begin PBXTargetDependency section */
		3D7BA3182497FDD700264AFE /* PBXTargetDependency */ = {
			isa = PBXTargetDependency;
			target = 3D7BA2FF2497FDD600264AFE /* Life */;
			targetProxy = 3D7BA3172497FDD700264AFE /* PBXContainerItemProxy */;
		};
		3D7BA3232497FDD700264AFE /* PBXTargetDependency */ = {
			isa = PBXTargetDependency;
			target = 3D7BA2FF2497FDD600264AFE /* Life */;
			targetProxy = 3D7BA3222497FDD700264AFE /* PBXContainerItemProxy */;
		};
/* End PBXTargetDependency section */

/* Begin PBXVariantGroup section */
		3D7BA30B2497FDD700264AFE /* Main.storyboard */ = {
			isa = PBXVariantGroup;
			children = (
				3D7BA30C2497FDD700264AFE /* Base */,
			);
			name = Main.storyboard;
			sourceTree = "<group>";
		};
/* End PBXVariantGroup section */

/* Begin XCBuildConfiguration section */
		3D7BA3282497FDD700264AFE /* Debug */ = {
			isa = XCBuildConfiguration;
			buildSettings = {
				ALWAYS_SEARCH_USER_PATHS = NO;
				CLANG_ANALYZER_NONNULL = YES;
				CLANG_ANALYZER_NUMBER_OBJECT_CONVERSION = YES_AGGRESSIVE;
				CLANG_CXX_LANGUAGE_STANDARD = "gnu++14";
				CLANG_CXX_LIBRARY = "libc++";
				CLANG_ENABLE_MODULES = YES;
				CLANG_ENABLE_OBJC_ARC = YES;
				CLANG_ENABLE_OBJC_WEAK = YES;
				CLANG_WARN_BLOCK_CAPTURE_AUTORELEASING = YES;
				CLANG_WARN_BOOL_CONVERSION = YES;
				CLANG_WARN_COMMA = YES;
				CLANG_WARN_CONSTANT_CONVERSION = YES;
				CLANG_WARN_DEPRECATED_OBJC_IMPLEMENTATIONS = YES;
				CLANG_WARN_DIRECT_OBJC_ISA_USAGE = YES_ERROR;
				CLANG_WARN_DOCUMENTATION_COMMENTS = YES;
				CLANG_WARN_EMPTY_BODY = YES;
				CLANG_WARN_ENUM_CONVERSION = YES;
				CLANG_WARN_INFINITE_RECURSION = YES;
				CLANG_WARN_INT_CONVERSION = YES;
				CLANG_WARN_NON_LITERAL_NULL_CONVERSION = YES;
				CLANG_WARN_OBJC_IMPLICIT_RETAIN_SELF = YES;
				CLANG_WARN_OBJC_LITERAL_CONVERSION = YES;
				CLANG_WARN_OBJC_ROOT_CLASS = YES_ERROR;
				CLANG_WARN_QUOTED_INCLUDE_IN_FRAMEWORK_HEADER = YES;
				CLANG_WARN_RANGE_LOOP_ANALYSIS = YES;
				CLANG_WARN_STRICT_PROTOTYPES = YES;
				CLANG_WARN_SUSPICIOUS_MOVE = YES;
				CLANG_WARN_UNGUARDED_AVAILABILITY = YES_AGGRESSIVE;
				CLANG_WARN_UNREACHABLE_CODE = YES;
				CLANG_WARN__DUPLICATE_METHOD_MATCH = YES;
				COPY_PHASE_STRIP = NO;
				DEBUG_INFORMATION_FORMAT = dwarf;
				ENABLE_STRICT_OBJC_MSGSEND = YES;
				ENABLE_TESTABILITY = YES;
				GCC_C_LANGUAGE_STANDARD = gnu11;
				GCC_DYNAMIC_NO_PIC = NO;
				GCC_NO_COMMON_BLOCKS = YES;
				GCC_OPTIMIZATION_LEVEL = 0;
				GCC_PREPROCESSOR_DEFINITIONS = (
					"DEBUG=1",
					"$(inherited)",
				);
				GCC_WARN_64_TO_32_BIT_CONVERSION = YES;
				GCC_WARN_ABOUT_RETURN_TYPE = YES_ERROR;
				GCC_WARN_UNDECLARED_SELECTOR = YES;
				GCC_WARN_UNINITIALIZED_AUTOS = YES_AGGRESSIVE;
				GCC_WARN_UNUSED_FUNCTION = YES;
				GCC_WARN_UNUSED_VARIABLE = YES;
				MACOSX_DEPLOYMENT_TARGET = 10.15;
				MTL_ENABLE_DEBUG_INFO = INCLUDE_SOURCE;
				MTL_FAST_MATH = YES;
				ONLY_ACTIVE_ARCH = YES;
				SDKROOT = macosx;
			};
			name = Debug;
		};
		3D7BA3292497FDD700264AFE /* Release */ = {
			isa = XCBuildConfiguration;
			buildSettings = {
				ALWAYS_SEARCH_USER_PATHS = NO;
				CLANG_ANALYZER_NONNULL = YES;
				CLANG_ANALYZER_NUMBER_OBJECT_CONVERSION = YES_AGGRESSIVE;
				CLANG_CXX_LANGUAGE_STANDARD = "gnu++14";
				CLANG_CXX_LIBRARY = "libc++";
				CLANG_ENABLE_MODULES = YES;
				CLANG_ENABLE_OBJC_ARC = YES;
				CLANG_ENABLE_OBJC_WEAK = YES;
				CLANG_WARN_BLOCK_CAPTURE_AUTORELEASING = YES;
				CLANG_WARN_BOOL_CONVERSION = YES;
				CLANG_WARN_COMMA = YES;
				CLANG_WARN_CONSTANT_CONVERSION = YES;
				CLANG_WARN_DEPRECATED_OBJC_IMPLEMENTATIONS = YES;
				CLANG_WARN_DIRECT_OBJC_ISA_USAGE = YES_ERROR;
				CLANG_WARN_DOCUMENTATION_COMMENTS = YES;
				CLANG_WARN_EMPTY_BODY = YES;
				CLANG_WARN_ENUM_CONVERSION = YES;
				CLANG_WARN_INFINITE_RECURSION = YES;
				CLANG_WARN_INT_CONVERSION = YES;
				CLANG_WARN_NON_LITERAL_NULL_CONVERSION = YES;
				CLANG_WARN_OBJC_IMPLICIT_RETAIN_SELF = YES;
				CLANG_WARN_OBJC_LITERAL_CONVERSION = YES;
				CLANG_WARN_OBJC_ROOT_CLASS = YES_ERROR;
				CLANG_WARN_QUOTED_INCLUDE_IN_FRAMEWORK_HEADER = YES;
				CLANG_WARN_RANGE_LOOP_ANALYSIS = YES;
				CLANG_WARN_STRICT_PROTOTYPES = YES;
				CLANG_WARN_SUSPICIOUS_MOVE = YES;
				CLANG_WARN_UNGUARDED_AVAILABILITY = YES_AGGRESSIVE;
				CLANG_WARN_UNREACHABLE_CODE = YES;
				CLANG_WARN__DUPLICATE_METHOD_MATCH = YES;
				COPY_PHASE_STRIP = NO;
				DEBUG_INFORMATION_FORMAT = "dwarf-with-dsym";
				ENABLE_NS_ASSERTIONS = NO;
				ENABLE_STRICT_OBJC_MSGSEND = YES;
				GCC_C_LANGUAGE_STANDARD = gnu11;
				GCC_NO_COMMON_BLOCKS = YES;
				GCC_WARN_64_TO_32_BIT_CONVERSION = YES;
				GCC_WARN_ABOUT_RETURN_TYPE = YES_ERROR;
				GCC_WARN_UNDECLARED_SELECTOR = YES;
				GCC_WARN_UNINITIALIZED_AUTOS = YES_AGGRESSIVE;
				GCC_WARN_UNUSED_FUNCTION = YES;
				GCC_WARN_UNUSED_VARIABLE = YES;
				MACOSX_DEPLOYMENT_TARGET = 10.15;
				MTL_ENABLE_DEBUG_INFO = NO;
				MTL_FAST_MATH = YES;
				SDKROOT = macosx;
				SWIFT_COMPILATION_MODE = wholemodule;
			};
			name = Release;
		};
		3D7BA32B2497FDD700264AFE /* Debug */ = {
			isa = XCBuildConfiguration;
			buildSettings = {
				ASSETCATALOG_COMPILER_APPICON_NAME = AppIcon;
				CLANG_ENABLE_MODULES = YES;
				CODE_SIGN_ENTITLEMENTS = Life/Life.entitlements;
				CODE_SIGN_STYLE = Automatic;
				COMBINE_HIDPI_IMAGES = YES;
				INFOPLIST_FILE = Life/Info.plist;
				LD_RUNPATH_SEARCH_PATHS = (
					"$(inherited)",
					"@executable_path/../Frameworks",
				);
				PRODUCT_BUNDLE_IDENTIFIER = eu.nityananda.Life;
				PRODUCT_NAME = "$(TARGET_NAME)";
				SWIFT_OBJC_BRIDGING_HEADER = "Life/Life-Bridging-Header.h";
				SWIFT_OPTIMIZATION_LEVEL = "-Onone";
				SWIFT_VERSION = 5.0;
			};
			name = Debug;
		};
		3D7BA32C2497FDD700264AFE /* Release */ = {
			isa = XCBuildConfiguration;
			buildSettings = {
				ASSETCATALOG_COMPILER_APPICON_NAME = AppIcon;
				CLANG_ENABLE_MODULES = YES;
				CODE_SIGN_ENTITLEMENTS = Life/Life.entitlements;
				CODE_SIGN_STYLE = Automatic;
				COMBINE_HIDPI_IMAGES = YES;
				INFOPLIST_FILE = Life/Info.plist;
				LD_RUNPATH_SEARCH_PATHS = (
					"$(inherited)",
					"@executable_path/../Frameworks",
				);
				PRODUCT_BUNDLE_IDENTIFIER = eu.nityananda.Life;
				PRODUCT_NAME = "$(TARGET_NAME)";
				SWIFT_OBJC_BRIDGING_HEADER = "Life/Life-Bridging-Header.h";
				SWIFT_VERSION = 5.0;
			};
			name = Release;
		};
		3D7BA32E2497FDD700264AFE /* Debug */ = {
			isa = XCBuildConfiguration;
			buildSettings = {
				ALWAYS_EMBED_SWIFT_STANDARD_LIBRARIES = YES;
				BUNDLE_LOADER = "$(TEST_HOST)";
				CODE_SIGN_STYLE = Automatic;
				COMBINE_HIDPI_IMAGES = YES;
				INFOPLIST_FILE = LifeTests/Info.plist;
				LD_RUNPATH_SEARCH_PATHS = (
					"$(inherited)",
					"@executable_path/../Frameworks",
					"@loader_path/../Frameworks",
				);
				MACOSX_DEPLOYMENT_TARGET = 10.15;
				PRODUCT_BUNDLE_IDENTIFIER = eu.nityananda.LifeTests;
				PRODUCT_NAME = "$(TARGET_NAME)";
				TEST_HOST = "$(BUILT_PRODUCTS_DIR)/Life.app/Contents/MacOS/Life";
			};
			name = Debug;
		};
		3D7BA32F2497FDD700264AFE /* Release */ = {
			isa = XCBuildConfiguration;
			buildSettings = {
				ALWAYS_EMBED_SWIFT_STANDARD_LIBRARIES = YES;
				BUNDLE_LOADER = "$(TEST_HOST)";
				CODE_SIGN_STYLE = Automatic;
				COMBINE_HIDPI_IMAGES = YES;
				INFOPLIST_FILE = LifeTests/Info.plist;
				LD_RUNPATH_SEARCH_PATHS = (
					"$(inherited)",
					"@executable_path/../Frameworks",
					"@loader_path/../Frameworks",
				);
				MACOSX_DEPLOYMENT_TARGET = 10.15;
				PRODUCT_BUNDLE_IDENTIFIER = eu.nityananda.LifeTests;
				PRODUCT_NAME = "$(TARGET_NAME)";
				TEST_HOST = "$(BUILT_PRODUCTS_DIR)/Life.app/Contents/MacOS/Life";
			};
			name = Release;
		};
		3D7BA3312497FDD700264AFE /* Debug */ = {
			isa = XCBuildConfiguration;
			buildSettings = {
				ALWAYS_EMBED_SWIFT_STANDARD_LIBRARIES = YES;
				CODE_SIGN_STYLE = Automatic;
				COMBINE_HIDPI_IMAGES = YES;
				INFOPLIST_FILE = LifeUITests/Info.plist;
				LD_RUNPATH_SEARCH_PATHS = (
					"$(inherited)",
					"@executable_path/../Frameworks",
					"@loader_path/../Frameworks",
				);
				PRODUCT_BUNDLE_IDENTIFIER = eu.nityananda.LifeUITests;
				PRODUCT_NAME = "$(TARGET_NAME)";
				TEST_TARGET_NAME = Life;
			};
			name = Debug;
		};
		3D7BA3322497FDD700264AFE /* Release */ = {
			isa = XCBuildConfiguration;
			buildSettings = {
				ALWAYS_EMBED_SWIFT_STANDARD_LIBRARIES = YES;
				CODE_SIGN_STYLE = Automatic;
				COMBINE_HIDPI_IMAGES = YES;
				INFOPLIST_FILE = LifeUITests/Info.plist;
				LD_RUNPATH_SEARCH_PATHS = (
					"$(inherited)",
					"@executable_path/../Frameworks",
					"@loader_path/../Frameworks",
				);
				PRODUCT_BUNDLE_IDENTIFIER = eu.nityananda.LifeUITests;
				PRODUCT_NAME = "$(TARGET_NAME)";
				TEST_TARGET_NAME = Life;
			};
			name = Release;
		};
/* End XCBuildConfiguration section */

/* Begin XCConfigurationList section */
		3D7BA2FB2497FDD600264AFE /* Build configuration list for PBXProject "Life" */ = {
			isa = XCConfigurationList;
			buildConfigurations = (
				3D7BA3282497FDD700264AFE /* Debug */,
				3D7BA3292497FDD700264AFE /* Release */,
			);
			defaultConfigurationIsVisible = 0;
			defaultConfigurationName = Release;
		};
		3D7BA32A2497FDD700264AFE /* Build configuration list for PBXNativeTarget "Life" */ = {
			isa = XCConfigurationList;
			buildConfigurations = (
				3D7BA32B2497FDD700264AFE /* Debug */,
				3D7BA32C2497FDD700264AFE /* Release */,
			);
			defaultConfigurationIsVisible = 0;
			defaultConfigurationName = Release;
		};
		3D7BA32D2497FDD700264AFE /* Build configuration list for PBXNativeTarget "LifeTests" */ = {
			isa = XCConfigurationList;
			buildConfigurations = (
				3D7BA32E2497FDD700264AFE /* Debug */,
				3D7BA32F2497FDD700264AFE /* Release */,
			);
			defaultConfigurationIsVisible = 0;
			defaultConfigurationName = Release;
		};
		3D7BA3302497FDD700264AFE /* Build configuration list for PBXNativeTarget "LifeUITests" */ = {
			isa = XCConfigurationList;
			buildConfigurations = (
				3D7BA3312497FDD700264AFE /* Debug */,
				3D7BA3322497FDD700264AFE /* Release */,
			);
			defaultConfigurationIsVisible = 0;
			defaultConfigurationName = Release;
		};
/* End XCConfigurationList section */
	};
	rootObject = 3D7BA2F82497FDD600264AFE /* Project object */;
}
